<?xml version="1.0" encoding="utf-8"?>
<Project ToolsVersion="4.0" xmlns="http://schemas.microsoft.com/developer/msbuild/2003">
  <ItemGroup>
    <Filter Include="Sink">
      <UniqueIdentifier>{055183f0-7936-4825-85a6-5f76e45a09cd}</UniqueIdentifier>
    </Filter>
    <Filter Include="Filter">
      <UniqueIdentifier>{3f40cd7f-7722-4420-ad82-d466a8943795}</UniqueIdentifier>
    </Filter>
    <Filter Include="Layout">
      <UniqueIdentifier>{e1ff787f-5cc2-406e-80ae-916f8c7e6afe}</UniqueIdentifier>
    </Filter>
    <Filter Include="Context">
      <UniqueIdentifier>{0d217152-c642-4feb-afa6-53682a9454b1}</UniqueIdentifier>
    </Filter>
    <Filter Include="Configuration">
      <UniqueIdentifier>{fa98d301-8d81-40a1-a3d4-26f52de50952}</UniqueIdentifier>
    </Filter>
  </ItemGroup>
  <ItemGroup>
    <ClInclude Include="$(MSBuildThisFileDirectory)LogLevel.hpp" />
    <ClInclude Include="$(MSBuildThisFileDirectory)API.hpp" />
    <ClInclude Include="$(MSBuildThisFileDirectory)LogManager.hpp" />
  </ItemGroup>
  <ItemGroup>
    <ClCompile Include="$(MSBuildThisFileDirectory)LogManager.cpp" />
  </ItemGroup>
</Project>